
Microsoft Visual Studio Solution File, Format Version 12.00
# Visual Studio Version 17
VisualStudioVersion = 17.3.32922.545
MinimumVisualStudioVersion = 10.0.40219.1
Project("{FAE04EC0-301F-11D3-BF4B-00C04F79EFBC}") = "WWW", "WWW\WWW.csproj", "{A33BD347-1500-416C-BD00-27F8533ABBA3}"
EndProject
Project("{FAE04EC0-301F-11D3-BF4B-00C04F79EFBC}") = "API", "API\API.csproj", "{32FE1271-B041-4CA8-AAFD-0D7AA5FF2D92}"
EndProject
Global
	GlobalSection(SolutionConfigurationPlatforms) = preSolution
		Debug|Any CPU = Debug|Any CPU
		Release|Any CPU = Release|Any CPU
	EndGlobalSection
	GlobalSection(ProjectConfigurationPlatforms) = postSolution
		{A33BD347-1500-416C-BD00-27F8533ABBA3}.Debug|Any CPU.ActiveCfg = Debug|Any CPU
		{A33BD347-1500-416C-BD00-27F8533ABBA3}.Debug|Any CPU.Build.0 = Debug|Any CPU
		{A33BD347-1500-416C-BD00-27F8533ABBA3}.Release|Any CPU.ActiveCfg = Release|Any CPU
		{A33BD347-1500-416C-BD00-27F8533ABBA3}.Release|Any CPU.Build.0 = Release|Any CPU
		{32FE1271-B041-4CA8-AAFD-0D7AA5FF2D92}.Debug|Any CPU.ActiveCfg = Debug|Any CPU
		{32FE1271-B041-4CA8-AAFD-0D7AA5FF2D92}.Debug|Any CPU.Build.0 = Debug|Any CPU
		{32FE1271-B041-4CA8-AAFD-0D7AA5FF2D92}.Release|Any CPU.ActiveCfg = Release|Any CPU
		{32FE1271-B041-4CA8-AAFD-0D7AA5FF2D92}.Release|Any CPU.Build.0 = Release|Any CPU
	EndGlobalSection
	GlobalSection(SolutionProperties) = preSolution
		HideSolutionNode = FALSE
	EndGlobalSection
	GlobalSection(ExtensibilityGlobals) = postSolution
		SolutionGuid = {B383F3B8-6365-4658-B637-DF729F94EAD8}
	EndGlobalSection
EndGlobal
